
Microsoft Visual Studio Solution File, Format Version 12.00
# Visual Studio Version 17
VisualStudioVersion = 17.1.32421.90
MinimumVisualStudioVersion = 10.0.40219.1
Project("{FAE04EC0-301F-11D3-BF4B-00C04F79EFBC}") = "Kieths Website", "Kieths Website.csproj", "{6CDC0EB8-B1A2-4141-93F2-2ADEFF930A83}"
EndProject
Global
	GlobalSection(SolutionConfigurationPlatforms) = preSolution
		Debug|Any CPU = Debug|Any CPU
		Release|Any CPU = Release|Any CPU
	EndGlobalSection
	GlobalSection(ProjectConfigurationPlatforms) = postSolution
		{6CDC0EB8-B1A2-4141-93F2-2ADEFF930A83}.Debug|Any CPU.ActiveCfg = Debug|Any CPU
		{6CDC0EB8-B1A2-4141-93F2-2ADEFF930A83}.Debug|Any CPU.Build.0 = Debug|Any CPU
		{6CDC0EB8-B1A2-4141-93F2-2ADEFF930A83}.Release|Any CPU.ActiveCfg = Release|Any CPU
		{6CDC0EB8-B1A2-4141-93F2-2ADEFF930A83}.Release|Any CPU.Build.0 = Release|Any CPU
	EndGlobalSection
	GlobalSection(SolutionProperties) = preSolution
		HideSolutionNode = FALSE
	EndGlobalSection
	GlobalSection(ExtensibilityGlobals) = postSolution
		SolutionGuid = {203E38AB-E8C1-4322-B69A-CB912E516446}
	EndGlobalSection
EndGlobal
